
Microsoft Visual Studio Solution File, Format Version 12.00
# Visual Studio Version 16
VisualStudioVersion = 16.0.30611.23
MinimumVisualStudioVersion = 10.0.40219.1
Project("{FAE04EC0-301F-11D3-BF4B-00C04F79EFBC}") = "Model", "Model\Model.csproj", "{3C239B73-6030-4BFF-A387-FC3D31B1A651}"
EndProject
Project("{FAE04EC0-301F-11D3-BF4B-00C04F79EFBC}") = "BLL", "BLL\BLL.csproj", "{6287E198-C3C4-490D-B79C-9B836E793320}"
EndProject
Project("{FAE04EC0-301F-11D3-BF4B-00C04F79EFBC}") = "DAL", "DAL\DAL.csproj", "{9A9DDC38-C733-43B1-A276-675997B2BBC4}"
EndProject
Project("{FAE04EC0-301F-11D3-BF4B-00C04F79EFBC}") = "API", "API\API.csproj", "{54679365-A9B8-46D9-9794-A26795704D45}"
EndProject
Project("{FAE04EC0-301F-11D3-BF4B-00C04F79EFBC}") = "UI", "UI\UI.csproj", "{BD0A590C-B8C3-4EFE-8209-1A2281CBDB54}"
EndProject
Global
	GlobalSection(SolutionConfigurationPlatforms) = preSolution
		Debug|Any CPU = Debug|Any CPU
		Release|Any CPU = Release|Any CPU
	EndGlobalSection
	GlobalSection(ProjectConfigurationPlatforms) = postSolution
		{3C239B73-6030-4BFF-A387-FC3D31B1A651}.Debug|Any CPU.ActiveCfg = Debug|Any CPU
		{3C239B73-6030-4BFF-A387-FC3D31B1A651}.Debug|Any CPU.Build.0 = Debug|Any CPU
		{3C239B73-6030-4BFF-A387-FC3D31B1A651}.Release|Any CPU.ActiveCfg = Release|Any CPU
		{3C239B73-6030-4BFF-A387-FC3D31B1A651}.Release|Any CPU.Build.0 = Release|Any CPU
		{6287E198-C3C4-490D-B79C-9B836E793320}.Debug|Any CPU.ActiveCfg = Debug|Any CPU
		{6287E198-C3C4-490D-B79C-9B836E793320}.Debug|Any CPU.Build.0 = Debug|Any CPU
		{6287E198-C3C4-490D-B79C-9B836E793320}.Release|Any CPU.ActiveCfg = Release|Any CPU
		{6287E198-C3C4-490D-B79C-9B836E793320}.Release|Any CPU.Build.0 = Release|Any CPU
		{9A9DDC38-C733-43B1-A276-675997B2BBC4}.Debug|Any CPU.ActiveCfg = Debug|Any CPU
		{9A9DDC38-C733-43B1-A276-675997B2BBC4}.Debug|Any CPU.Build.0 = Debug|Any CPU
		{9A9DDC38-C733-43B1-A276-675997B2BBC4}.Release|Any CPU.ActiveCfg = Release|Any CPU
		{9A9DDC38-C733-43B1-A276-675997B2BBC4}.Release|Any CPU.Build.0 = Release|Any CPU
		{54679365-A9B8-46D9-9794-A26795704D45}.Debug|Any CPU.ActiveCfg = Debug|Any CPU
		{54679365-A9B8-46D9-9794-A26795704D45}.Debug|Any CPU.Build.0 = Debug|Any CPU
		{54679365-A9B8-46D9-9794-A26795704D45}.Release|Any CPU.ActiveCfg = Release|Any CPU
		{54679365-A9B8-46D9-9794-A26795704D45}.Release|Any CPU.Build.0 = Release|Any CPU
		{BD0A590C-B8C3-4EFE-8209-1A2281CBDB54}.Debug|Any CPU.ActiveCfg = Debug|Any CPU
		{BD0A590C-B8C3-4EFE-8209-1A2281CBDB54}.Debug|Any CPU.Build.0 = Debug|Any CPU
		{BD0A590C-B8C3-4EFE-8209-1A2281CBDB54}.Release|Any CPU.ActiveCfg = Release|Any CPU
		{BD0A590C-B8C3-4EFE-8209-1A2281CBDB54}.Release|Any CPU.Build.0 = Release|Any CPU
	EndGlobalSection
	GlobalSection(SolutionProperties) = preSolution
		HideSolutionNode = FALSE
	EndGlobalSection
	GlobalSection(ExtensibilityGlobals) = postSolution
		SolutionGuid = {6100A215-C0EE-4AAE-A49F-573281D7D970}
	EndGlobalSection
EndGlobal
